
Microsoft Visual Studio Solution File, Format Version 12.00
# Visual Studio Version 17
VisualStudioVersion = 17.3.32825.248
MinimumVisualStudioVersion = 10.0.40219.1
Project("{FAE04EC0-301F-11D3-BF4B-00C04F79EFBC}") = "Lab 5", "Lab 5\Lab 5.csproj", "{A9F61BF3-FB16-4A23-B0BD-6497AC455C2C}"
EndProject
Global
	GlobalSection(SolutionConfigurationPlatforms) = preSolution
		Debug|Any CPU = Debug|Any CPU
		Release|Any CPU = Release|Any CPU
	EndGlobalSection
	GlobalSection(ProjectConfigurationPlatforms) = postSolution
		{A9F61BF3-FB16-4A23-B0BD-6497AC455C2C}.Debug|Any CPU.ActiveCfg = Debug|Any CPU
		{A9F61BF3-FB16-4A23-B0BD-6497AC455C2C}.Debug|Any CPU.Build.0 = Debug|Any CPU
		{A9F61BF3-FB16-4A23-B0BD-6497AC455C2C}.Release|Any CPU.ActiveCfg = Release|Any CPU
		{A9F61BF3-FB16-4A23-B0BD-6497AC455C2C}.Release|Any CPU.Build.0 = Release|Any CPU
	EndGlobalSection
	GlobalSection(SolutionProperties) = preSolution
		HideSolutionNode = FALSE
	EndGlobalSection
	GlobalSection(ExtensibilityGlobals) = postSolution
		SolutionGuid = {0CE6F2C1-2C96-4809-B8BF-D3626A167C21}
	EndGlobalSection
EndGlobal
