
Microsoft Visual Studio Solution File, Format Version 12.00
# Visual Studio Version 17
VisualStudioVersion = 17.3.32825.248
MinimumVisualStudioVersion = 10.0.40219.1
Project("{FAE04EC0-301F-11D3-BF4B-00C04F79EFBC}") = "Lab2", "Lab2\Lab2.csproj", "{B48B8027-DC4A-49BC-9F7A-0EF440574D10}"
EndProject
Global
	GlobalSection(SolutionConfigurationPlatforms) = preSolution
		Debug|Any CPU = Debug|Any CPU
		Release|Any CPU = Release|Any CPU
	EndGlobalSection
	GlobalSection(ProjectConfigurationPlatforms) = postSolution
		{B48B8027-DC4A-49BC-9F7A-0EF440574D10}.Debug|Any CPU.ActiveCfg = Debug|Any CPU
		{B48B8027-DC4A-49BC-9F7A-0EF440574D10}.Debug|Any CPU.Build.0 = Debug|Any CPU
		{B48B8027-DC4A-49BC-9F7A-0EF440574D10}.Release|Any CPU.ActiveCfg = Release|Any CPU
		{B48B8027-DC4A-49BC-9F7A-0EF440574D10}.Release|Any CPU.Build.0 = Release|Any CPU
	EndGlobalSection
	GlobalSection(SolutionProperties) = preSolution
		HideSolutionNode = FALSE
	EndGlobalSection
	GlobalSection(ExtensibilityGlobals) = postSolution
		SolutionGuid = {D475D660-CE17-43E5-84F8-67D919069B6F}
	EndGlobalSection
EndGlobal
