
Microsoft Visual Studio Solution File, Format Version 12.00
# Visual Studio Version 17
VisualStudioVersion = 17.3.32825.248
MinimumVisualStudioVersion = 10.0.40219.1
Project("{FAE04EC0-301F-11D3-BF4B-00C04F79EFBC}") = "Lab3", "Lab3\Lab3.csproj", "{78422E1C-362A-4E62-B29C-77E6BF30F9A4}"
EndProject
Global
	GlobalSection(SolutionConfigurationPlatforms) = preSolution
		Debug|Any CPU = Debug|Any CPU
		Release|Any CPU = Release|Any CPU
	EndGlobalSection
	GlobalSection(ProjectConfigurationPlatforms) = postSolution
		{78422E1C-362A-4E62-B29C-77E6BF30F9A4}.Debug|Any CPU.ActiveCfg = Debug|Any CPU
		{78422E1C-362A-4E62-B29C-77E6BF30F9A4}.Debug|Any CPU.Build.0 = Debug|Any CPU
		{78422E1C-362A-4E62-B29C-77E6BF30F9A4}.Release|Any CPU.ActiveCfg = Release|Any CPU
		{78422E1C-362A-4E62-B29C-77E6BF30F9A4}.Release|Any CPU.Build.0 = Release|Any CPU
	EndGlobalSection
	GlobalSection(SolutionProperties) = preSolution
		HideSolutionNode = FALSE
	EndGlobalSection
	GlobalSection(ExtensibilityGlobals) = postSolution
		SolutionGuid = {8FDA9EF0-8E06-481C-A51B-A70B870C4275}
	EndGlobalSection
EndGlobal
